
Microsoft Visual Studio Solution File, Format Version 12.00
# Visual Studio 2013
VisualStudioVersion = 12.0.31101.0
MinimumVisualStudioVersion = 10.0.40219.1
Project("{FAE04EC0-301F-11D3-BF4B-00C04F79EFBC}") = "01. Series of Letters", "01. Series of Letters\01. Series of Letters.csproj", "{45BBD1EA-1756-47AD-A46B-E74CD808F58A}"
EndProject
Project("{FAE04EC0-301F-11D3-BF4B-00C04F79EFBC}") = "02. Replace a tag", "02. Replace a tag\02. Replace a tag.csproj", "{C5509CD2-834E-42E4-9CD8-40C386CD12DE}"
EndProject
Project("{FAE04EC0-301F-11D3-BF4B-00C04F79EFBC}") = "03. Extract Emails", "03. Extract Emails\03. Extract Emails.csproj", "{01839F0B-94D9-4499-AEFD-375CCBE369CB}"
EndProject
Project("{FAE04EC0-301F-11D3-BF4B-00C04F79EFBC}") = "04. Sentence Extractor", "04. Sentence Extractor\04. Sentence Extractor.csproj", "{26B95BC9-606A-454B-B666-0A004D8FC905}"
EndProject
Project("{FAE04EC0-301F-11D3-BF4B-00C04F79EFBC}") = "05. Valid Usernames (star)", "05. Valid Usernames\05. Valid Usernames (star).csproj", "{20F9D5B1-14A0-412D-AE65-FFA7273098F5}"
EndProject
Project("{FAE04EC0-301F-11D3-BF4B-00C04F79EFBC}") = "06. Extract Hyperlinks (star star)", "06. Extract Hyperlinks (star star)\06. Extract Hyperlinks (star star).csproj", "{C3CB6515-62C6-4764-A2D3-6AFC442D4446}"
EndProject
Project("{FAE04EC0-301F-11D3-BF4B-00C04F79EFBC}") = "Exercise", "Exercise\Exercise.csproj", "{A6E8B164-934F-49C8-983C-680C6AD16F08}"
EndProject
Project("{FAE04EC0-301F-11D3-BF4B-00C04F79EFBC}") = "08. Chains (star)", "08. Chains\08. Chains (star).csproj", "{23FC22A7-4EAD-4F4C-B05B-70E2760C6039}"
EndProject
Global
	GlobalSection(SolutionConfigurationPlatforms) = preSolution
		Debug|Any CPU = Debug|Any CPU
		Release|Any CPU = Release|Any CPU
	EndGlobalSection
	GlobalSection(ProjectConfigurationPlatforms) = postSolution
		{45BBD1EA-1756-47AD-A46B-E74CD808F58A}.Debug|Any CPU.ActiveCfg = Debug|Any CPU
		{45BBD1EA-1756-47AD-A46B-E74CD808F58A}.Debug|Any CPU.Build.0 = Debug|Any CPU
		{45BBD1EA-1756-47AD-A46B-E74CD808F58A}.Release|Any CPU.ActiveCfg = Release|Any CPU
		{45BBD1EA-1756-47AD-A46B-E74CD808F58A}.Release|Any CPU.Build.0 = Release|Any CPU
		{C5509CD2-834E-42E4-9CD8-40C386CD12DE}.Debug|Any CPU.ActiveCfg = Debug|Any CPU
		{C5509CD2-834E-42E4-9CD8-40C386CD12DE}.Debug|Any CPU.Build.0 = Debug|Any CPU
		{C5509CD2-834E-42E4-9CD8-40C386CD12DE}.Release|Any CPU.ActiveCfg = Release|Any CPU
		{C5509CD2-834E-42E4-9CD8-40C386CD12DE}.Release|Any CPU.Build.0 = Release|Any CPU
		{01839F0B-94D9-4499-AEFD-375CCBE369CB}.Debug|Any CPU.ActiveCfg = Debug|Any CPU
		{01839F0B-94D9-4499-AEFD-375CCBE369CB}.Debug|Any CPU.Build.0 = Debug|Any CPU
		{01839F0B-94D9-4499-AEFD-375CCBE369CB}.Release|Any CPU.ActiveCfg = Release|Any CPU
		{01839F0B-94D9-4499-AEFD-375CCBE369CB}.Release|Any CPU.Build.0 = Release|Any CPU
		{26B95BC9-606A-454B-B666-0A004D8FC905}.Debug|Any CPU.ActiveCfg = Debug|Any CPU
		{26B95BC9-606A-454B-B666-0A004D8FC905}.Debug|Any CPU.Build.0 = Debug|Any CPU
		{26B95BC9-606A-454B-B666-0A004D8FC905}.Release|Any CPU.ActiveCfg = Release|Any CPU
		{26B95BC9-606A-454B-B666-0A004D8FC905}.Release|Any CPU.Build.0 = Release|Any CPU
		{20F9D5B1-14A0-412D-AE65-FFA7273098F5}.Debug|Any CPU.ActiveCfg = Debug|Any CPU
		{20F9D5B1-14A0-412D-AE65-FFA7273098F5}.Debug|Any CPU.Build.0 = Debug|Any CPU
		{20F9D5B1-14A0-412D-AE65-FFA7273098F5}.Release|Any CPU.ActiveCfg = Release|Any CPU
		{20F9D5B1-14A0-412D-AE65-FFA7273098F5}.Release|Any CPU.Build.0 = Release|Any CPU
		{C3CB6515-62C6-4764-A2D3-6AFC442D4446}.Debug|Any CPU.ActiveCfg = Debug|Any CPU
		{C3CB6515-62C6-4764-A2D3-6AFC442D4446}.Debug|Any CPU.Build.0 = Debug|Any CPU
		{C3CB6515-62C6-4764-A2D3-6AFC442D4446}.Release|Any CPU.ActiveCfg = Release|Any CPU
		{C3CB6515-62C6-4764-A2D3-6AFC442D4446}.Release|Any CPU.Build.0 = Release|Any CPU
		{A6E8B164-934F-49C8-983C-680C6AD16F08}.Debug|Any CPU.ActiveCfg = Debug|Any CPU
		{A6E8B164-934F-49C8-983C-680C6AD16F08}.Debug|Any CPU.Build.0 = Debug|Any CPU
		{A6E8B164-934F-49C8-983C-680C6AD16F08}.Release|Any CPU.ActiveCfg = Release|Any CPU
		{A6E8B164-934F-49C8-983C-680C6AD16F08}.Release|Any CPU.Build.0 = Release|Any CPU
		{23FC22A7-4EAD-4F4C-B05B-70E2760C6039}.Debug|Any CPU.ActiveCfg = Debug|Any CPU
		{23FC22A7-4EAD-4F4C-B05B-70E2760C6039}.Debug|Any CPU.Build.0 = Debug|Any CPU
		{23FC22A7-4EAD-4F4C-B05B-70E2760C6039}.Release|Any CPU.ActiveCfg = Release|Any CPU
		{23FC22A7-4EAD-4F4C-B05B-70E2760C6039}.Release|Any CPU.Build.0 = Release|Any CPU
	EndGlobalSection
	GlobalSection(SolutionProperties) = preSolution
		HideSolutionNode = FALSE
	EndGlobalSection
EndGlobal
