
Microsoft Visual Studio Solution File, Format Version 12.00
# Visual Studio 14
VisualStudioVersion = 14.0.23107.0
MinimumVisualStudioVersion = 10.0.40219.1
Project("{FAE04EC0-301F-11D3-BF4B-00C04F79EFBC}") = "01. Fill The Matrix", "01. Fill The Matrix\01. Fill The Matrix.csproj", "{DAF69F1C-167D-4F9A-97E1-CA315DBDB56C}"
EndProject
Project("{FAE04EC0-301F-11D3-BF4B-00C04F79EFBC}") = "02. Maximal Sum", "02. Maximal Sum\02. Maximal Sum.csproj", "{CBB64E2F-CA93-4D35-9443-CA9CC3717A9A}"
EndProject
Project("{FAE04EC0-301F-11D3-BF4B-00C04F79EFBC}") = "03. Matrix Shuffling", "03. Matrix Shuffling\03. Matrix Shuffling.csproj", "{3F390239-7BD3-4C72-B2F8-85FAEF0DB960}"
EndProject
Project("{FAE04EC0-301F-11D3-BF4B-00C04F79EFBC}") = "04. Sequence In Matrix", "04. SequenceInMatrix\04. Sequence In Matrix.csproj", "{26C62468-E8CE-4044-A165-C7D3CA17670F}"
EndProject
Project("{FAE04EC0-301F-11D3-BF4B-00C04F79EFBC}") = "06. Collect The Coins", "06. Collect The Coins\06. Collect The Coins.csproj", "{C90AFFED-A8C2-4E2D-9C5C-708A099C7DE8}"
EndProject
Project("{FAE04EC0-301F-11D3-BF4B-00C04F79EFBC}") = "06. Count Symbols", "06. Count Symbols\06. Count Symbols.csproj", "{C275CC21-57D9-45B1-9B30-6C6B4B3E43E9}"
EndProject
Project("{FAE04EC0-301F-11D3-BF4B-00C04F79EFBC}") = "07. Phonebook", "07. Phonebook\07. Phonebook.csproj", "{8755DAC1-9AA5-4EFA-93E6-4CEAAAF07728}"
EndProject
Project("{FAE04EC0-301F-11D3-BF4B-00C04F79EFBC}") = "08. Night Life", "08. Night Life\08. Night Life.csproj", "{2DCCD68E-E522-486B-8176-447E34C718DC}"
EndProject
Project("{FAE04EC0-301F-11D3-BF4B-00C04F79EFBC}") = "09. Terrorists Win!", "09. Terrorists Win!\09. Terrorists Win!.csproj", "{DAE09E3F-2D43-415E-900F-DB997E14347C}"
EndProject
Project("{FAE04EC0-301F-11D3-BF4B-00C04F79EFBC}") = "10. Plus-Remove", "10. Plus-Remove\10. Plus-Remove.csproj", "{DAD8562E-CF3A-42C8-AA9F-AA2385B555AF}"
EndProject
Global
	GlobalSection(SolutionConfigurationPlatforms) = preSolution
		Debug|Any CPU = Debug|Any CPU
		Release|Any CPU = Release|Any CPU
	EndGlobalSection
	GlobalSection(ProjectConfigurationPlatforms) = postSolution
		{DAF69F1C-167D-4F9A-97E1-CA315DBDB56C}.Debug|Any CPU.ActiveCfg = Debug|Any CPU
		{DAF69F1C-167D-4F9A-97E1-CA315DBDB56C}.Debug|Any CPU.Build.0 = Debug|Any CPU
		{DAF69F1C-167D-4F9A-97E1-CA315DBDB56C}.Release|Any CPU.ActiveCfg = Release|Any CPU
		{DAF69F1C-167D-4F9A-97E1-CA315DBDB56C}.Release|Any CPU.Build.0 = Release|Any CPU
		{CBB64E2F-CA93-4D35-9443-CA9CC3717A9A}.Debug|Any CPU.ActiveCfg = Debug|Any CPU
		{CBB64E2F-CA93-4D35-9443-CA9CC3717A9A}.Debug|Any CPU.Build.0 = Debug|Any CPU
		{CBB64E2F-CA93-4D35-9443-CA9CC3717A9A}.Release|Any CPU.ActiveCfg = Release|Any CPU
		{CBB64E2F-CA93-4D35-9443-CA9CC3717A9A}.Release|Any CPU.Build.0 = Release|Any CPU
		{3F390239-7BD3-4C72-B2F8-85FAEF0DB960}.Debug|Any CPU.ActiveCfg = Debug|Any CPU
		{3F390239-7BD3-4C72-B2F8-85FAEF0DB960}.Debug|Any CPU.Build.0 = Debug|Any CPU
		{3F390239-7BD3-4C72-B2F8-85FAEF0DB960}.Release|Any CPU.ActiveCfg = Release|Any CPU
		{3F390239-7BD3-4C72-B2F8-85FAEF0DB960}.Release|Any CPU.Build.0 = Release|Any CPU
		{26C62468-E8CE-4044-A165-C7D3CA17670F}.Debug|Any CPU.ActiveCfg = Debug|Any CPU
		{26C62468-E8CE-4044-A165-C7D3CA17670F}.Debug|Any CPU.Build.0 = Debug|Any CPU
		{26C62468-E8CE-4044-A165-C7D3CA17670F}.Release|Any CPU.ActiveCfg = Release|Any CPU
		{26C62468-E8CE-4044-A165-C7D3CA17670F}.Release|Any CPU.Build.0 = Release|Any CPU
		{C90AFFED-A8C2-4E2D-9C5C-708A099C7DE8}.Debug|Any CPU.ActiveCfg = Debug|Any CPU
		{C90AFFED-A8C2-4E2D-9C5C-708A099C7DE8}.Debug|Any CPU.Build.0 = Debug|Any CPU
		{C90AFFED-A8C2-4E2D-9C5C-708A099C7DE8}.Release|Any CPU.ActiveCfg = Release|Any CPU
		{C90AFFED-A8C2-4E2D-9C5C-708A099C7DE8}.Release|Any CPU.Build.0 = Release|Any CPU
		{C275CC21-57D9-45B1-9B30-6C6B4B3E43E9}.Debug|Any CPU.ActiveCfg = Debug|Any CPU
		{C275CC21-57D9-45B1-9B30-6C6B4B3E43E9}.Debug|Any CPU.Build.0 = Debug|Any CPU
		{C275CC21-57D9-45B1-9B30-6C6B4B3E43E9}.Release|Any CPU.ActiveCfg = Release|Any CPU
		{C275CC21-57D9-45B1-9B30-6C6B4B3E43E9}.Release|Any CPU.Build.0 = Release|Any CPU
		{8755DAC1-9AA5-4EFA-93E6-4CEAAAF07728}.Debug|Any CPU.ActiveCfg = Debug|Any CPU
		{8755DAC1-9AA5-4EFA-93E6-4CEAAAF07728}.Debug|Any CPU.Build.0 = Debug|Any CPU
		{8755DAC1-9AA5-4EFA-93E6-4CEAAAF07728}.Release|Any CPU.ActiveCfg = Release|Any CPU
		{8755DAC1-9AA5-4EFA-93E6-4CEAAAF07728}.Release|Any CPU.Build.0 = Release|Any CPU
		{2DCCD68E-E522-486B-8176-447E34C718DC}.Debug|Any CPU.ActiveCfg = Debug|Any CPU
		{2DCCD68E-E522-486B-8176-447E34C718DC}.Debug|Any CPU.Build.0 = Debug|Any CPU
		{2DCCD68E-E522-486B-8176-447E34C718DC}.Release|Any CPU.ActiveCfg = Release|Any CPU
		{2DCCD68E-E522-486B-8176-447E34C718DC}.Release|Any CPU.Build.0 = Release|Any CPU
		{DAE09E3F-2D43-415E-900F-DB997E14347C}.Debug|Any CPU.ActiveCfg = Debug|Any CPU
		{DAE09E3F-2D43-415E-900F-DB997E14347C}.Debug|Any CPU.Build.0 = Debug|Any CPU
		{DAE09E3F-2D43-415E-900F-DB997E14347C}.Release|Any CPU.ActiveCfg = Release|Any CPU
		{DAE09E3F-2D43-415E-900F-DB997E14347C}.Release|Any CPU.Build.0 = Release|Any CPU
		{DAD8562E-CF3A-42C8-AA9F-AA2385B555AF}.Debug|Any CPU.ActiveCfg = Debug|Any CPU
		{DAD8562E-CF3A-42C8-AA9F-AA2385B555AF}.Debug|Any CPU.Build.0 = Debug|Any CPU
		{DAD8562E-CF3A-42C8-AA9F-AA2385B555AF}.Release|Any CPU.ActiveCfg = Release|Any CPU
		{DAD8562E-CF3A-42C8-AA9F-AA2385B555AF}.Release|Any CPU.Build.0 = Release|Any CPU
	EndGlobalSection
	GlobalSection(SolutionProperties) = preSolution
		HideSolutionNode = FALSE
	EndGlobalSection
EndGlobal
